
Microsoft Visual Studio Solution File, Format Version 12.00
# Visual Studio Version 16
VisualStudioVersion = 16.0.29306.81
MinimumVisualStudioVersion = 10.0.40219.1
Project("{FAE04EC0-301F-11D3-BF4B-00C04F79EFBC}") = "GoldDigger", "GoldDigger\GoldDigger.csproj", "{F7FDD11E-B52A-4C30-99C8-D123DCC8FFBA}"
EndProject
Global
	GlobalSection(SolutionConfigurationPlatforms) = preSolution
		Debug|Any CPU = Debug|Any CPU
		Release|Any CPU = Release|Any CPU
	EndGlobalSection
	GlobalSection(ProjectConfigurationPlatforms) = postSolution
		{F7FDD11E-B52A-4C30-99C8-D123DCC8FFBA}.Debug|Any CPU.ActiveCfg = Debug|Any CPU
		{F7FDD11E-B52A-4C30-99C8-D123DCC8FFBA}.Debug|Any CPU.Build.0 = Debug|Any CPU
		{F7FDD11E-B52A-4C30-99C8-D123DCC8FFBA}.Release|Any CPU.ActiveCfg = Release|Any CPU
		{F7FDD11E-B52A-4C30-99C8-D123DCC8FFBA}.Release|Any CPU.Build.0 = Release|Any CPU
	EndGlobalSection
	GlobalSection(SolutionProperties) = preSolution
		HideSolutionNode = FALSE
	EndGlobalSection
	GlobalSection(ExtensibilityGlobals) = postSolution
		SolutionGuid = {1CAF8B5B-3F93-4F2B-9CEC-5AF5DF8CDF99}
	EndGlobalSection
EndGlobal
